
Microsoft Visual Studio Solution File, Format Version 12.00
# Visual Studio Version 17
VisualStudioVersion = 17.12.35527.113
MinimumVisualStudioVersion = 10.0.40219.1
Project("{2150E333-8FDC-42A3-9474-1A3956D46DE8}") = "Tests", "Tests", "{DD2697D4-72C2-426D-85D6-A50803582DD6}"
EndProject
Project("{2150E333-8FDC-42A3-9474-1A3956D46DE8}") = "Docs", "Docs", "{194D5970-B94E-432C-AA97-35987B07561F}"
EndProject
Project("{2150E333-8FDC-42A3-9474-1A3956D46DE8}") = "adr", "adr", "{709C3037-65CF-495B-AB69-A99325745AB3}"
	ProjectSection(SolutionItems) = preProject
		adr_001.md = adr_001.md
	EndProjectSection
EndProject
Project("{2150E333-8FDC-42A3-9474-1A3956D46DE8}") = "src", "src", "{18BBCDEA-9685-4DA6-9730-1EA41C9680C6}"
EndProject
Project("{FAE04EC0-301F-11D3-BF4B-00C04F79EFBC}") = "TaskTracker.Kernel", "src\TaskTracker.Shared\TaskTracker.Kernel.csproj", "{22C3676F-424E-41AF-A537-C9650D58097B}"
EndProject
Project("{FAE04EC0-301F-11D3-BF4B-00C04F79EFBC}") = "TaskTracker.Domain", "src\TaskTracker.Domain\TaskTracker.Domain.csproj", "{24228808-6D69-4AE5-9D86-F5E6ABB529B6}"
EndProject
Project("{FAE04EC0-301F-11D3-BF4B-00C04F79EFBC}") = "TaskTracker.Contracts", "src\TaskTracker.Contracts\TaskTracker.Contracts.csproj", "{01841C59-E34D-40FA-8962-7ADBD0B9B666}"
EndProject
Project("{FAE04EC0-301F-11D3-BF4B-00C04F79EFBC}") = "TaskTracker.Infrastructure", "src\TaskTracker.Infrastructure\TaskTracker.Infrastructure.csproj", "{2198AC95-CD5A-43ED-8193-A740932E4122}"
EndProject
Project("{FAE04EC0-301F-11D3-BF4B-00C04F79EFBC}") = "TaskTracker.Application", "src\TaskTracker.Application\TaskTracker.Application.csproj", "{3F606BBF-316A-4F87-BB90-B21F6F506703}"
EndProject
Project("{FAE04EC0-301F-11D3-BF4B-00C04F79EFBC}") = "TaskTracker.API", "src\TaskTracker.API\TaskTracker.API.csproj", "{F8577916-BCB3-4C67-BF89-E62118C3B395}"
EndProject
Project("{FAE04EC0-301F-11D3-BF4B-00C04F79EFBC}") = "TaskTracker.Infrastructure.Tests", "tests\TaskTracker.Infrastructure.Tests\TaskTracker.Infrastructure.Tests.csproj", "{992909CC-7E49-4095-B84C-031C55939499}"
EndProject
Project("{FAE04EC0-301F-11D3-BF4B-00C04F79EFBC}") = "TaskTracker.Application.Tests", "tests\TaskTracker.Application.Tests\TaskTracker.Application.Tests.csproj", "{2253AFEC-B159-4F45-B76E-215326FC82BF}"
EndProject
Global
	GlobalSection(SolutionConfigurationPlatforms) = preSolution
		Debug|Any CPU = Debug|Any CPU
		Release|Any CPU = Release|Any CPU
	EndGlobalSection
	GlobalSection(ProjectConfigurationPlatforms) = postSolution
		{22C3676F-424E-41AF-A537-C9650D58097B}.Debug|Any CPU.ActiveCfg = Debug|Any CPU
		{22C3676F-424E-41AF-A537-C9650D58097B}.Debug|Any CPU.Build.0 = Debug|Any CPU
		{22C3676F-424E-41AF-A537-C9650D58097B}.Release|Any CPU.ActiveCfg = Release|Any CPU
		{22C3676F-424E-41AF-A537-C9650D58097B}.Release|Any CPU.Build.0 = Release|Any CPU
		{24228808-6D69-4AE5-9D86-F5E6ABB529B6}.Debug|Any CPU.ActiveCfg = Debug|Any CPU
		{24228808-6D69-4AE5-9D86-F5E6ABB529B6}.Debug|Any CPU.Build.0 = Debug|Any CPU
		{24228808-6D69-4AE5-9D86-F5E6ABB529B6}.Release|Any CPU.ActiveCfg = Release|Any CPU
		{24228808-6D69-4AE5-9D86-F5E6ABB529B6}.Release|Any CPU.Build.0 = Release|Any CPU
		{01841C59-E34D-40FA-8962-7ADBD0B9B666}.Debug|Any CPU.ActiveCfg = Debug|Any CPU
		{01841C59-E34D-40FA-8962-7ADBD0B9B666}.Debug|Any CPU.Build.0 = Debug|Any CPU
		{01841C59-E34D-40FA-8962-7ADBD0B9B666}.Release|Any CPU.ActiveCfg = Release|Any CPU
		{01841C59-E34D-40FA-8962-7ADBD0B9B666}.Release|Any CPU.Build.0 = Release|Any CPU
		{2198AC95-CD5A-43ED-8193-A740932E4122}.Debug|Any CPU.ActiveCfg = Debug|Any CPU
		{2198AC95-CD5A-43ED-8193-A740932E4122}.Debug|Any CPU.Build.0 = Debug|Any CPU
		{2198AC95-CD5A-43ED-8193-A740932E4122}.Release|Any CPU.ActiveCfg = Release|Any CPU
		{2198AC95-CD5A-43ED-8193-A740932E4122}.Release|Any CPU.Build.0 = Release|Any CPU
		{3F606BBF-316A-4F87-BB90-B21F6F506703}.Debug|Any CPU.ActiveCfg = Debug|Any CPU
		{3F606BBF-316A-4F87-BB90-B21F6F506703}.Debug|Any CPU.Build.0 = Debug|Any CPU
		{3F606BBF-316A-4F87-BB90-B21F6F506703}.Release|Any CPU.ActiveCfg = Release|Any CPU
		{3F606BBF-316A-4F87-BB90-B21F6F506703}.Release|Any CPU.Build.0 = Release|Any CPU
		{F8577916-BCB3-4C67-BF89-E62118C3B395}.Debug|Any CPU.ActiveCfg = Debug|Any CPU
		{F8577916-BCB3-4C67-BF89-E62118C3B395}.Debug|Any CPU.Build.0 = Debug|Any CPU
		{F8577916-BCB3-4C67-BF89-E62118C3B395}.Release|Any CPU.ActiveCfg = Release|Any CPU
		{F8577916-BCB3-4C67-BF89-E62118C3B395}.Release|Any CPU.Build.0 = Release|Any CPU
		{992909CC-7E49-4095-B84C-031C55939499}.Debug|Any CPU.ActiveCfg = Debug|Any CPU
		{992909CC-7E49-4095-B84C-031C55939499}.Debug|Any CPU.Build.0 = Debug|Any CPU
		{992909CC-7E49-4095-B84C-031C55939499}.Release|Any CPU.ActiveCfg = Release|Any CPU
		{992909CC-7E49-4095-B84C-031C55939499}.Release|Any CPU.Build.0 = Release|Any CPU
		{2253AFEC-B159-4F45-B76E-215326FC82BF}.Debug|Any CPU.ActiveCfg = Debug|Any CPU
		{2253AFEC-B159-4F45-B76E-215326FC82BF}.Debug|Any CPU.Build.0 = Debug|Any CPU
		{2253AFEC-B159-4F45-B76E-215326FC82BF}.Release|Any CPU.ActiveCfg = Release|Any CPU
		{2253AFEC-B159-4F45-B76E-215326FC82BF}.Release|Any CPU.Build.0 = Release|Any CPU
	EndGlobalSection
	GlobalSection(SolutionProperties) = preSolution
		HideSolutionNode = FALSE
	EndGlobalSection
	GlobalSection(NestedProjects) = preSolution
		{709C3037-65CF-495B-AB69-A99325745AB3} = {194D5970-B94E-432C-AA97-35987B07561F}
		{22C3676F-424E-41AF-A537-C9650D58097B} = {18BBCDEA-9685-4DA6-9730-1EA41C9680C6}
		{24228808-6D69-4AE5-9D86-F5E6ABB529B6} = {18BBCDEA-9685-4DA6-9730-1EA41C9680C6}
		{01841C59-E34D-40FA-8962-7ADBD0B9B666} = {18BBCDEA-9685-4DA6-9730-1EA41C9680C6}
		{2198AC95-CD5A-43ED-8193-A740932E4122} = {18BBCDEA-9685-4DA6-9730-1EA41C9680C6}
		{3F606BBF-316A-4F87-BB90-B21F6F506703} = {18BBCDEA-9685-4DA6-9730-1EA41C9680C6}
		{F8577916-BCB3-4C67-BF89-E62118C3B395} = {18BBCDEA-9685-4DA6-9730-1EA41C9680C6}
		{992909CC-7E49-4095-B84C-031C55939499} = {DD2697D4-72C2-426D-85D6-A50803582DD6}
		{2253AFEC-B159-4F45-B76E-215326FC82BF} = {DD2697D4-72C2-426D-85D6-A50803582DD6}
	EndGlobalSection
EndGlobal
